
Microsoft Visual Studio Solution File, Format Version 12.00
# Visual Studio Version 17
VisualStudioVersion = 17.8.34330.188
MinimumVisualStudioVersion = 10.0.40219.1
Project("{FAE04EC0-301F-11D3-BF4B-00C04F79EFBC}") = "DuAnMoiMoiMoi", "duAnPro\DuAnMoiMoiMoi.csproj", "{895A3F64-1C50-4038-94AE-FA653725301C}"
EndProject
Global
	GlobalSection(SolutionConfigurationPlatforms) = preSolution
		Debug|Any CPU = Debug|Any CPU
		Release|Any CPU = Release|Any CPU
	EndGlobalSection
	GlobalSection(ProjectConfigurationPlatforms) = postSolution
		{895A3F64-1C50-4038-94AE-FA653725301C}.Debug|Any CPU.ActiveCfg = Debug|Any CPU
		{895A3F64-1C50-4038-94AE-FA653725301C}.Debug|Any CPU.Build.0 = Debug|Any CPU
		{895A3F64-1C50-4038-94AE-FA653725301C}.Release|Any CPU.ActiveCfg = Release|Any CPU
		{895A3F64-1C50-4038-94AE-FA653725301C}.Release|Any CPU.Build.0 = Release|Any CPU
	EndGlobalSection
	GlobalSection(SolutionProperties) = preSolution
		HideSolutionNode = FALSE
	EndGlobalSection
	GlobalSection(ExtensibilityGlobals) = postSolution
		SolutionGuid = {84323A62-A880-446A-8735-8B46003D6218}
	EndGlobalSection
EndGlobal
